
Microsoft Visual Studio Solution File, Format Version 12.00
# Visual Studio 15
VisualStudioVersion = 15.0.28307.421
MinimumVisualStudioVersion = 10.0.40219.1
Project("{FAE04EC0-301F-11D3-BF4B-00C04F79EFBC}") = "AtouriskMotInterdit", "AtouriskMotInterdit\AtouriskMotInterdit.csproj", "{1F874E28-2499-4EFF-AA64-9A0D4414AE1C}"
EndProject
Global
	GlobalSection(SolutionConfigurationPlatforms) = preSolution
		Debug|Any CPU = Debug|Any CPU
		Release|Any CPU = Release|Any CPU
	EndGlobalSection
	GlobalSection(ProjectConfigurationPlatforms) = postSolution
		{1F874E28-2499-4EFF-AA64-9A0D4414AE1C}.Debug|Any CPU.ActiveCfg = Debug|Any CPU
		{1F874E28-2499-4EFF-AA64-9A0D4414AE1C}.Debug|Any CPU.Build.0 = Debug|Any CPU
		{1F874E28-2499-4EFF-AA64-9A0D4414AE1C}.Release|Any CPU.ActiveCfg = Release|Any CPU
		{1F874E28-2499-4EFF-AA64-9A0D4414AE1C}.Release|Any CPU.Build.0 = Release|Any CPU
	EndGlobalSection
	GlobalSection(SolutionProperties) = preSolution
		HideSolutionNode = FALSE
	EndGlobalSection
	GlobalSection(ExtensibilityGlobals) = postSolution
		SolutionGuid = {F28449DA-1786-4723-A679-A29CDC01CC42}
	EndGlobalSection
EndGlobal
